// !$*UTF8*$!
{
	archiveVersion = 1;
	classes = {
	};
	objectVersion = 50;
	objects = {

/* Begin PBXBuildFile section */
		07EC2110252B233100B48BC8 /* AppDelegate.swift in Sources */ = {isa = PBXBuildFile; fileRef = 07EC210F252B233100B48BC8 /* AppDelegate.swift */; };
		07EC2112252B233100B48BC8 /* SceneDelegate.swift in Sources */ = {isa = PBXBuildFile; fileRef = 07EC2111252B233100B48BC8 /* SceneDelegate.swift */; };
		07EC2114252B233100B48BC8 /* ViewController.swift in Sources */ = {isa = PBXBuildFile; fileRef = 07EC2113252B233100B48BC8 /* ViewController.swift */; };
		07EC2117252B233100B48BC8 /* Main.storyboard in Resources */ = {isa = PBXBuildFile; fileRef = 07EC2115252B233100B48BC8 /* Main.storyboard */; };
		07EC2119252B233400B48BC8 /* Assets.xcassets in Resources */ = {isa = PBXBuildFile; fileRef = 07EC2118252B233400B48BC8 /* Assets.xcassets */; };
		07EC211C252B233400B48BC8 /* LaunchScreen.storyboard in Resources */ = {isa = PBXBuildFile; fileRef = 07EC211A252B233400B48BC8 /* LaunchScreen.storyboard */; };
		07EC2124252B24BF00B48BC8 /* ReviewClassifier.mlmodel in Sources */ = {isa = PBXBuildFile; fileRef = 07EC2123252B24BF00B48BC8 /* ReviewClassifier.mlmodel */; };
/* End PBXBuildFile section */

/* Begin PBXFileReference section */
		07EC210C252B233100B48BC8 /* Review Sentiment Analyzer.app */ = {isa = PBXFileReference; explicitFileType = wrapper.application; includeInIndex = 0; path = "Review Sentiment Analyzer.app"; sourceTree = BUILT_PRODUCTS_DIR; };
		07EC210F252B233100B48BC8 /* AppDelegate.swift */ = {isa = PBXFileReference; lastKnownFileType = sourcecode.swift; path = AppDelegate.swift; sourceTree = "<group>"; };
		07EC2111252B233100B48BC8 /* SceneDelegate.swift */ = {isa = PBXFileReference; lastKnownFileType = sourcecode.swift; path = SceneDelegate.swift; sourceTree = "<group>"; };
		07EC2113252B233100B48BC8 /* ViewController.swift */ = {isa = PBXFileReference; lastKnownFileType = sourcecode.swift; path = ViewController.swift; sourceTree = "<group>"; };
		07EC2116252B233100B48BC8 /* Base */ = {isa = PBXFileReference; lastKnownFileType = file.storyboard; name = Base; path = Base.lproj/Main.storyboard; sourceTree = "<group>"; };
		07EC2118252B233400B48BC8 /* Assets.xcassets */ = {isa = PBXFileReference; lastKnownFileType = folder.assetcatalog; path = Assets.xcassets; sourceTree = "<group>"; };
		07EC211B252B233400B48BC8 /* Base */ = {isa = PBXFileReference; lastKnownFileType = file.storyboard; name = Base; path = Base.lproj/LaunchScreen.storyboard; sourceTree = "<group>"; };
		07EC211D252B233400B48BC8 /* Info.plist */ = {isa = PBXFileReference; lastKnownFileType = text.plist.xml; path = Info.plist; sourceTree = "<group>"; };
		07EC2123252B24BF00B48BC8 /* ReviewClassifier.mlmodel */ = {isa = PBXFileReference; lastKnownFileType = file.mlmodel; name = ReviewClassifier.mlmodel; path = ../../06_05/end/ReviewClassifier.mlmodel; sourceTree = "<group>"; };
/* End PBXFileReference section */

/* Begin PBXFrameworksBuildPhase section */
		07EC2109252B233100B48BC8 /* Frameworks */ = {
			isa = PBXFrameworksBuildPhase;
			buildActionMask = 2147483647;
			files = (
			);
			runOnlyForDeploymentPostprocessing = 0;
		};
/* End PBXFrameworksBuildPhase section */

/* Begin PBXGroup section */
		07EC2103252B233100B48BC8 = {
			isa = PBXGroup;
			children = (
				07EC210E252B233100B48BC8 /* Review Sentiment Analyzer */,
				07EC210D252B233100B48BC8 /* Products */,
			);
			sourceTree = "<group>";
		};
		07EC210D252B233100B48BC8 /* Products */ = {
			isa = PBXGroup;
			children = (
				07EC210C252B233100B48BC8 /* Review Sentiment Analyzer.app */,
			);
			name = Products;
			sourceTree = "<group>";
		};
		07EC210E252B233100B48BC8 /* Review Sentiment Analyzer */ = {
			isa = PBXGroup;
			children = (
				07EC210F252B233100B48BC8 /* AppDelegate.swift */,
				07EC2111252B233100B48BC8 /* SceneDelegate.swift */,
				07EC2123252B24BF00B48BC8 /* ReviewClassifier.mlmodel */,
				07EC2113252B233100B48BC8 /* ViewController.swift */,
				07EC2115252B233100B48BC8 /* Main.storyboard */,
				07EC2118252B233400B48BC8 /* Assets.xcassets */,
				07EC211A252B233400B48BC8 /* LaunchScreen.storyboard */,
				07EC211D252B233400B48BC8 /* Info.plist */,
			);
			path = "Review Sentiment Analyzer";
			sourceTree = "<group>";
		};
/* End PBXGroup section */

/* Begin PBXNativeTarget section */
		07EC210B252B233100B48BC8 /* Review Sentiment Analyzer */ = {
			isa = PBXNativeTarget;
			buildConfigurationList = 07EC2120252B233400B48BC8 /* Build configuration list for PBXNativeTarget "Review Sentiment Analyzer" */;
			buildPhases = (
				07EC2108252B233100B48BC8 /* Sources */,
				07EC2109252B233100B48BC8 /* Frameworks */,
				07EC210A252B233100B48BC8 /* Resources */,
			);
			buildRules = (
			);
			dependencies = (
			);
			name = "Review Sentiment Analyzer";
			productName = "Review Sentiment Analyzer";
			productReference = 07EC210C252B233100B48BC8 /* Review Sentiment Analyzer.app */;
			productType = "com.apple.product-type.application";
		};
/* End PBXNativeTarget section */

/* Begin PBXProject section */
		07EC2104252B233100B48BC8 /* Project object */ = {
			isa = PBXProject;
			attributes = {
				LastSwiftUpdateCheck = 1160;
				LastUpgradeCheck = 1160;
				ORGANIZATIONNAME = MungGu;
				TargetAttributes = {
					07EC210B252B233100B48BC8 = {
						CreatedOnToolsVersion = 11.6;
					};
				};
			};
			buildConfigurationList = 07EC2107252B233100B48BC8 /* Build configuration list for PBXProject "Review Sentiment Analyzer" */;
			compatibilityVersion = "Xcode 9.3";
			developmentRegion = en;
			hasScannedForEncodings = 0;
			knownRegions = (
				en,
				Base,
			);
			mainGroup = 07EC2103252B233100B48BC8;
			productRefGroup = 07EC210D252B233100B48BC8 /* Products */;
			projectDirPath = "";
			projectRoot = "";
			targets = (
				07EC210B252B233100B48BC8 /* Review Sentiment Analyzer */,
			);
		};
/* End PBXProject section */

/* Begin PBXResourcesBuildPhase section */
		07EC210A252B233100B48BC8 /* Resources */ = {
			isa = PBXResourcesBuildPhase;
			buildActionMask = 2147483647;
			files = (
				07EC211C252B233400B48BC8 /* LaunchScreen.storyboard in Resources */,
				07EC2119252B233400B48BC8 /* Assets.xcassets in Resources */,
				07EC2117252B233100B48BC8 /* Main.storyboard in Resources */,
			);
			runOnlyForDeploymentPostprocessing = 0;
		};
/* End PBXResourcesBuildPhase section */

/* Begin PBXSourcesBuildPhase section */
		07EC2108252B233100B48BC8 /* Sources */ = {
			isa = PBXSourcesBuildPhase;
			buildActionMask = 2147483647;
			files = (
				07EC2114252B233100B48BC8 /* ViewController.swift in Sources */,
				07EC2110252B233100B48BC8 /* AppDelegate.swift in Sources */,
				07EC2112252B233100B48BC8 /* SceneDelegate.swift in Sources */,
				07EC2124252B24BF00B48BC8 /* ReviewClassifier.mlmodel in Sources */,
			);
			runOnlyForDeploymentPostprocessing = 0;
		};
/* End PBXSourcesBuildPhase section */

/* Begin PBXVariantGroup section */
		07EC2115252B233100B48BC8 /* Main.storyboard */ = {
			isa = PBXVariantGroup;
			children = (
				07EC2116252B233100B48BC8 /* Base */,
			);
			name = Main.storyboard;
			sourceTree = "<group>";
		};
		07EC211A252B233400B48BC8 /* LaunchScreen.storyboard */ = {
			isa = PBXVariantGroup;
			children = (
				07EC211B252B233400B48BC8 /* Base */,
			);
			name = LaunchScreen.storyboard;
			sourceTree = "<group>";
		};
/* End PBXVariantGroup section */

/* Begin XCBuildConfiguration section */
		07EC211E252B233400B48BC8 /* Debug */ = {
			isa = XCBuildConfiguration;
			buildSettings = {
				ALWAYS_SEARCH_USER_PATHS = NO;
				CLANG_ANALYZER_NONNULL = YES;
				CLANG_ANALYZER_NUMBER_OBJECT_CONVERSION = YES_AGGRESSIVE;
				CLANG_CXX_LANGUAGE_STANDARD = "gnu++14";
				CLANG_CXX_LIBRARY = "libc++";
				CLANG_ENABLE_MODULES = YES;
				CLANG_ENABLE_OBJC_ARC = YES;
				CLANG_ENABLE_OBJC_WEAK = YES;
				CLANG_WARN_BLOCK_CAPTURE_AUTORELEASING = YES;
				CLANG_WARN_BOOL_CONVERSION = YES;
				CLANG_WARN_COMMA = YES;
				CLANG_WARN_CONSTANT_CONVERSION = YES;
				CLANG_WARN_DEPRECATED_OBJC_IMPLEMENTATIONS = YES;
				CLANG_WARN_DIRECT_OBJC_ISA_USAGE = YES_ERROR;
				CLANG_WARN_DOCUMENTATION_COMMENTS = YES;
				CLANG_WARN_EMPTY_BODY = YES;
				CLANG_WARN_ENUM_CONVERSION = YES;
				CLANG_WARN_INFINITE_RECURSION = YES;
				CLANG_WARN_INT_CONVERSION = YES;
				CLANG_WARN_NON_LITERAL_NULL_CONVERSION = YES;
				CLANG_WARN_OBJC_IMPLICIT_RETAIN_SELF = YES;
				CLANG_WARN_OBJC_LITERAL_CONVERSION = YES;
				CLANG_WARN_OBJC_ROOT_CLASS = YES_ERROR;
				CLANG_WARN_RANGE_LOOP_ANALYSIS = YES;
				CLANG_WARN_STRICT_PROTOTYPES = YES;
				CLANG_WARN_SUSPICIOUS_MOVE = YES;
				CLANG_WARN_UNGUARDED_AVAILABILITY = YES_AGGRESSIVE;
				CLANG_WARN_UNREACHABLE_CODE = YES;
				CLANG_WARN__DUPLICATE_METHOD_MATCH = YES;
				COPY_PHASE_STRIP = NO;
				DEBUG_INFORMATION_FORMAT = dwarf;
				ENABLE_STRICT_OBJC_MSGSEND = YES;
				ENABLE_TESTABILITY = YES;
				GCC_C_LANGUAGE_STANDARD = gnu11;
				GCC_DYNAMIC_NO_PIC = NO;
				GCC_NO_COMMON_BLOCKS = YES;
				GCC_OPTIMIZATION_LEVEL = 0;
				GCC_PREPROCESSOR_DEFINITIONS = (
					"DEBUG=1",
					"$(inherited)",
				);
				GCC_WARN_64_TO_32_BIT_CONVERSION = YES;
				GCC_WARN_ABOUT_RETURN_TYPE = YES_ERROR;
				GCC_WARN_UNDECLARED_SELECTOR = YES;
				GCC_WARN_UNINITIALIZED_AUTOS = YES_AGGRESSIVE;
				GCC_WARN_UNUSED_FUNCTION = YES;
				GCC_WARN_UNUSED_VARIABLE = YES;
				IPHONEOS_DEPLOYMENT_TARGET = 13.6;
				MTL_ENABLE_DEBUG_INFO = INCLUDE_SOURCE;
				MTL_FAST_MATH = YES;
				ONLY_ACTIVE_ARCH = YES;
				SDKROOT = iphoneos;
				SWIFT_ACTIVE_COMPILATION_CONDITIONS = DEBUG;
				SWIFT_OPTIMIZATION_LEVEL = "-Onone";
			};
			name = Debug;
		};
		07EC211F252B233400B48BC8 /* Release */ = {
			isa = XCBuildConfiguration;
			buildSettings = {
				ALWAYS_SEARCH_USER_PATHS = NO;
				CLANG_ANALYZER_NONNULL = YES;
				CLANG_ANALYZER_NUMBER_OBJECT_CONVERSION = YES_AGGRESSIVE;
				CLANG_CXX_LANGUAGE_STANDARD = "gnu++14";
				CLANG_CXX_LIBRARY = "libc++";
				CLANG_ENABLE_MODULES = YES;
				CLANG_ENABLE_OBJC_ARC = YES;
				CLANG_ENABLE_OBJC_WEAK = YES;
				CLANG_WARN_BLOCK_CAPTURE_AUTORELEASING = YES;
				CLANG_WARN_BOOL_CONVERSION = YES;
				CLANG_WARN_COMMA = YES;
				CLANG_WARN_CONSTANT_CONVERSION = YES;
				CLANG_WARN_DEPRECATED_OBJC_IMPLEMENTATIONS = YES;
				CLANG_WARN_DIRECT_OBJC_ISA_USAGE = YES_ERROR;
				CLANG_WARN_DOCUMENTATION_COMMENTS = YES;
				CLANG_WARN_EMPTY_BODY = YES;
				CLANG_WARN_ENUM_CONVERSION = YES;
				CLANG_WARN_INFINITE_RECURSION = YES;
				CLANG_WARN_INT_CONVERSION = YES;
				CLANG_WARN_NON_LITERAL_NULL_CONVERSION = YES;
				CLANG_WARN_OBJC_IMPLICIT_RETAIN_SELF = YES;
				CLANG_WARN_OBJC_LITERAL_CONVERSION = YES;
				CLANG_WARN_OBJC_ROOT_CLASS = YES_ERROR;
				CLANG_WARN_RANGE_LOOP_ANALYSIS = YES;
				CLANG_WARN_STRICT_PROTOTYPES = YES;
				CLANG_WARN_SUSPICIOUS_MOVE = YES;
				CLANG_WARN_UNGUARDED_AVAILABILITY = YES_AGGRESSIVE;
				CLANG_WARN_UNREACHABLE_CODE = YES;
				CLANG_WARN__DUPLICATE_METHOD_MATCH = YES;
				COPY_PHASE_STRIP = NO;
				DEBUG_INFORMATION_FORMAT = "dwarf-with-dsym";
				ENABLE_NS_ASSERTIONS = NO;
				ENABLE_STRICT_OBJC_MSGSEND = YES;
				GCC_C_LANGUAGE_STANDARD = gnu11;
				GCC_NO_COMMON_BLOCKS = YES;
				GCC_WARN_64_TO_32_BIT_CONVERSION = YES;
				GCC_WARN_ABOUT_RETURN_TYPE = YES_ERROR;
				GCC_WARN_UNDECLARED_SELECTOR = YES;
				GCC_WARN_UNINITIALIZED_AUTOS = YES_AGGRESSIVE;
				GCC_WARN_UNUSED_FUNCTION = YES;
				GCC_WARN_UNUSED_VARIABLE = YES;
				IPHONEOS_DEPLOYMENT_TARGET = 13.6;
				MTL_ENABLE_DEBUG_INFO = NO;
				MTL_FAST_MATH = YES;
				SDKROOT = iphoneos;
				SWIFT_COMPILATION_MODE = wholemodule;
				SWIFT_OPTIMIZATION_LEVEL = "-O";
				VALIDATE_PRODUCT = YES;
			};
			name = Release;
		};
		07EC2121252B233400B48BC8 /* Debug */ = {
			isa = XCBuildConfiguration;
			buildSettings = {
				ASSETCATALOG_COMPILER_APPICON_NAME = AppIcon;
				CODE_SIGN_STYLE = Automatic;
				INFOPLIST_FILE = "Review Sentiment Analyzer/Info.plist";
				LD_RUNPATH_SEARCH_PATHS = (
					"$(inherited)",
					"@executable_path/Frameworks",
				);
				PRODUCT_BUNDLE_IDENTIFIER = "OurTrees.Review-Sentiment-Analyzer";
				PRODUCT_NAME = "$(TARGET_NAME)";
				SWIFT_VERSION = 5.0;
				TARGETED_DEVICE_FAMILY = "1,2";
			};
			name = Debug;
		};
		07EC2122252B233400B48BC8 /* Release */ = {
			isa = XCBuildConfiguration;
			buildSettings = {
				ASSETCATALOG_COMPILER_APPICON_NAME = AppIcon;
				CODE_SIGN_STYLE = Automatic;
				INFOPLIST_FILE = "Review Sentiment Analyzer/Info.plist";
				LD_RUNPATH_SEARCH_PATHS = (
					"$(inherited)",
					"@executable_path/Frameworks",
				);
				PRODUCT_BUNDLE_IDENTIFIER = "OurTrees.Review-Sentiment-Analyzer";
				PRODUCT_NAME = "$(TARGET_NAME)";
				SWIFT_VERSION = 5.0;
				TARGETED_DEVICE_FAMILY = "1,2";
			};
			name = Release;
		};
/* End XCBuildConfiguration section */

/* Begin XCConfigurationList section */
		07EC2107252B233100B48BC8 /* Build configuration list for PBXProject "Review Sentiment Analyzer" */ = {
			isa = XCConfigurationList;
			buildConfigurations = (
				07EC211E252B233400B48BC8 /* Debug */,
				07EC211F252B233400B48BC8 /* Release */,
			);
			defaultConfigurationIsVisible = 0;
			defaultConfigurationName = Release;
		};
		07EC2120252B233400B48BC8 /* Build configuration list for PBXNativeTarget "Review Sentiment Analyzer" */ = {
			isa = XCConfigurationList;
			buildConfigurations = (
				07EC2121252B233400B48BC8 /* Debug */,
				07EC2122252B233400B48BC8 /* Release */,
			);
			defaultConfigurationIsVisible = 0;
			defaultConfigurationName = Release;
		};
/* End XCConfigurationList section */
	};
	rootObject = 07EC2104252B233100B48BC8 /* Project object */;
}
